// !$*UTF8*$!
{
	archiveVersion = 1;
	classes = {
	};
	objectVersion = 56;
	objects = {

/* Begin PBXBuildFile section */
		FA36BE0629919A2B00AE8D8F /* DetailView.swift in Sources */ = {isa = PBXBuildFile; fileRef = FA36BE0529919A2B00AE8D8F /* DetailView.swift */; };
		FA36BE09299260A200AE8D8F /* GitHubViewModel.swift in Sources */ = {isa = PBXBuildFile; fileRef = FA36BE08299260A200AE8D8F /* GitHubViewModel.swift */; };
		FA36BE0A299260A200AE8D8F /* GitHubViewModel.swift in Sources */ = {isa = PBXBuildFile; fileRef = FA36BE08299260A200AE8D8F /* GitHubViewModel.swift */; };
		FA36BE0D299260C600AE8D8F /* Constants.swift in Sources */ = {isa = PBXBuildFile; fileRef = FA36BE0C299260C600AE8D8F /* Constants.swift */; };
		FA36BE0E299260C600AE8D8F /* Constants.swift in Sources */ = {isa = PBXBuildFile; fileRef = FA36BE0C299260C600AE8D8F /* Constants.swift */; };
		FA36BE11299261D600AE8D8F /* GitHubItem.swift in Sources */ = {isa = PBXBuildFile; fileRef = FA36BE10299261D600AE8D8F /* GitHubItem.swift */; };
		FA36BE12299261D600AE8D8F /* GitHubItem.swift in Sources */ = {isa = PBXBuildFile; fileRef = FA36BE10299261D600AE8D8F /* GitHubItem.swift */; };
		FA36BE1429926BA900AE8D8F /* GitHubOwner.swift in Sources */ = {isa = PBXBuildFile; fileRef = FA36BE1329926BA900AE8D8F /* GitHubOwner.swift */; };
		FA36BE1529926BA900AE8D8F /* GitHubOwner.swift in Sources */ = {isa = PBXBuildFile; fileRef = FA36BE1329926BA900AE8D8F /* GitHubOwner.swift */; };
		FA36BE1729926D7800AE8D8F /* GitHubSearch.swift in Sources */ = {isa = PBXBuildFile; fileRef = FA36BE1629926D7800AE8D8F /* GitHubSearch.swift */; };
		FA36BE1829926D7800AE8D8F /* GitHubSearch.swift in Sources */ = {isa = PBXBuildFile; fileRef = FA36BE1629926D7800AE8D8F /* GitHubSearch.swift */; };
		FA36BE1B2992BE5B00AE8D8F /* Config.xcconfig in Resources */ = {isa = PBXBuildFile; fileRef = FA36BE1A2992BE5B00AE8D8F /* Config.xcconfig */; };
		FA58ECE9299152AC00B16243 /* easy_repo_searchApp.swift in Sources */ = {isa = PBXBuildFile; fileRef = FA58ECE8299152AC00B16243 /* easy_repo_searchApp.swift */; };
		FA58ECEB299152AC00B16243 /* ContentView.swift in Sources */ = {isa = PBXBuildFile; fileRef = FA58ECEA299152AC00B16243 /* ContentView.swift */; };
		FA58ECED299152AD00B16243 /* Assets.xcassets in Resources */ = {isa = PBXBuildFile; fileRef = FA58ECEC299152AD00B16243 /* Assets.xcassets */; };
		FA58ECF0299152AD00B16243 /* Preview Assets.xcassets in Resources */ = {isa = PBXBuildFile; fileRef = FA58ECEF299152AD00B16243 /* Preview Assets.xcassets */; };
		FA58ECFA299152AD00B16243 /* easy_repo_searchTests.swift in Sources */ = {isa = PBXBuildFile; fileRef = FA58ECF9299152AD00B16243 /* easy_repo_searchTests.swift */; };
		FA58ED04299152AD00B16243 /* easy_repo_searchUITests.swift in Sources */ = {isa = PBXBuildFile; fileRef = FA58ED03299152AD00B16243 /* easy_repo_searchUITests.swift */; };
		FA58ED06299152AD00B16243 /* easy_repo_searchUITestsLaunchTests.swift in Sources */ = {isa = PBXBuildFile; fileRef = FA58ED05299152AD00B16243 /* easy_repo_searchUITestsLaunchTests.swift */; };
		FAAB37132995220A00EED7A4 /* ResponseProtocol.swift in Sources */ = {isa = PBXBuildFile; fileRef = FAAB37122995220A00EED7A4 /* ResponseProtocol.swift */; };
		FAAB37142995220A00EED7A4 /* ResponseProtocol.swift in Sources */ = {isa = PBXBuildFile; fileRef = FAAB37122995220A00EED7A4 /* ResponseProtocol.swift */; };
		FAAB37162995253000EED7A4 /* ResponseDataPublisher.swift in Sources */ = {isa = PBXBuildFile; fileRef = FAAB37152995253000EED7A4 /* ResponseDataPublisher.swift */; };
		FAAB37172995253000EED7A4 /* ResponseDataPublisher.swift in Sources */ = {isa = PBXBuildFile; fileRef = FAAB37152995253000EED7A4 /* ResponseDataPublisher.swift */; };
		FAAB371B299526BD00EED7A4 /* ResponseDataPublisherMock.swift in Sources */ = {isa = PBXBuildFile; fileRef = FAAB3719299526BD00EED7A4 /* ResponseDataPublisherMock.swift */; };
		FAAB37222995300B00EED7A4 /* repositories-correct.json in Resources */ = {isa = PBXBuildFile; fileRef = FAAB37202995278A00EED7A4 /* repositories-correct.json */; };
		FAAB37232995300E00EED7A4 /* repositories-missingItems.json in Resources */ = {isa = PBXBuildFile; fileRef = FAAB37212995279400EED7A4 /* repositories-missingItems.json */; };
		FAAB3725299555B100EED7A4 /* repositories-missingOwner.json in Resources */ = {isa = PBXBuildFile; fileRef = FAAB37242995555000EED7A4 /* repositories-missingOwner.json */; };
		FAD698B129944295002425CD /* GitHubViewModelTests.swift in Sources */ = {isa = PBXBuildFile; fileRef = FAD698B029944295002425CD /* GitHubViewModelTests.swift */; };
/* End PBXBuildFile section */

/* Begin PBXContainerItemProxy section */
		FA58ECF6299152AD00B16243 /* PBXContainerItemProxy */ = {
			isa = PBXContainerItemProxy;
			containerPortal = FA58ECDD299152AB00B16243 /* Project object */;
			proxyType = 1;
			remoteGlobalIDString = FA58ECE4299152AB00B16243;
			remoteInfo = "easy repo search";
		};
		FA58ED00299152AD00B16243 /* PBXContainerItemProxy */ = {
			isa = PBXContainerItemProxy;
			containerPortal = FA58ECDD299152AB00B16243 /* Project object */;
			proxyType = 1;
			remoteGlobalIDString = FA58ECE4299152AB00B16243;
			remoteInfo = "easy repo search";
		};
/* End PBXContainerItemProxy section */

/* Begin PBXFileReference section */
		FA36BE0529919A2B00AE8D8F /* DetailView.swift */ = {isa = PBXFileReference; lastKnownFileType = sourcecode.swift; path = DetailView.swift; sourceTree = "<group>"; };
		FA36BE08299260A200AE8D8F /* GitHubViewModel.swift */ = {isa = PBXFileReference; lastKnownFileType = sourcecode.swift; path = GitHubViewModel.swift; sourceTree = "<group>"; };
		FA36BE0C299260C600AE8D8F /* Constants.swift */ = {isa = PBXFileReference; lastKnownFileType = sourcecode.swift; path = Constants.swift; sourceTree = "<group>"; };
		FA36BE10299261D600AE8D8F /* GitHubItem.swift */ = {isa = PBXFileReference; lastKnownFileType = sourcecode.swift; path = GitHubItem.swift; sourceTree = "<group>"; };
		FA36BE1329926BA900AE8D8F /* GitHubOwner.swift */ = {isa = PBXFileReference; lastKnownFileType = sourcecode.swift; path = GitHubOwner.swift; sourceTree = "<group>"; };
		FA36BE1629926D7800AE8D8F /* GitHubSearch.swift */ = {isa = PBXFileReference; lastKnownFileType = sourcecode.swift; path = GitHubSearch.swift; sourceTree = "<group>"; };
		FA36BE1A2992BE5B00AE8D8F /* Config.xcconfig */ = {isa = PBXFileReference; lastKnownFileType = text.xcconfig; path = Config.xcconfig; sourceTree = "<group>"; };
		FA36BE1C2992BEDB00AE8D8F /* Info.plist */ = {isa = PBXFileReference; lastKnownFileType = text.plist.xml; path = Info.plist; sourceTree = "<group>"; };
		FA58ECE5299152AC00B16243 /* easy repo search.app */ = {isa = PBXFileReference; explicitFileType = wrapper.application; includeInIndex = 0; path = "easy repo search.app"; sourceTree = BUILT_PRODUCTS_DIR; };
		FA58ECE8299152AC00B16243 /* easy_repo_searchApp.swift */ = {isa = PBXFileReference; lastKnownFileType = sourcecode.swift; path = easy_repo_searchApp.swift; sourceTree = "<group>"; };
		FA58ECEA299152AC00B16243 /* ContentView.swift */ = {isa = PBXFileReference; lastKnownFileType = sourcecode.swift; path = ContentView.swift; sourceTree = "<group>"; };
		FA58ECEC299152AD00B16243 /* Assets.xcassets */ = {isa = PBXFileReference; lastKnownFileType = folder.assetcatalog; path = Assets.xcassets; sourceTree = "<group>"; };
		FA58ECEF299152AD00B16243 /* Preview Assets.xcassets */ = {isa = PBXFileReference; lastKnownFileType = folder.assetcatalog; path = "Preview Assets.xcassets"; sourceTree = "<group>"; };
		FA58ECF5299152AD00B16243 /* easy repo searchTests.xctest */ = {isa = PBXFileReference; explicitFileType = wrapper.cfbundle; includeInIndex = 0; path = "easy repo searchTests.xctest"; sourceTree = BUILT_PRODUCTS_DIR; };
		FA58ECF9299152AD00B16243 /* easy_repo_searchTests.swift */ = {isa = PBXFileReference; lastKnownFileType = sourcecode.swift; path = easy_repo_searchTests.swift; sourceTree = "<group>"; };
		FA58ECFF299152AD00B16243 /* easy repo searchUITests.xctest */ = {isa = PBXFileReference; explicitFileType = wrapper.cfbundle; includeInIndex = 0; path = "easy repo searchUITests.xctest"; sourceTree = BUILT_PRODUCTS_DIR; };
		FA58ED03299152AD00B16243 /* easy_repo_searchUITests.swift */ = {isa = PBXFileReference; lastKnownFileType = sourcecode.swift; path = easy_repo_searchUITests.swift; sourceTree = "<group>"; };
		FA58ED05299152AD00B16243 /* easy_repo_searchUITestsLaunchTests.swift */ = {isa = PBXFileReference; lastKnownFileType = sourcecode.swift; path = easy_repo_searchUITestsLaunchTests.swift; sourceTree = "<group>"; };
		FAAB37122995220A00EED7A4 /* ResponseProtocol.swift */ = {isa = PBXFileReference; lastKnownFileType = sourcecode.swift; path = ResponseProtocol.swift; sourceTree = "<group>"; };
		FAAB37152995253000EED7A4 /* ResponseDataPublisher.swift */ = {isa = PBXFileReference; lastKnownFileType = sourcecode.swift; path = ResponseDataPublisher.swift; sourceTree = "<group>"; };
		FAAB3719299526BD00EED7A4 /* ResponseDataPublisherMock.swift */ = {isa = PBXFileReference; lastKnownFileType = sourcecode.swift; path = ResponseDataPublisherMock.swift; sourceTree = "<group>"; };
		FAAB37202995278A00EED7A4 /* repositories-correct.json */ = {isa = PBXFileReference; lastKnownFileType = text.json; path = "repositories-correct.json"; sourceTree = "<group>"; };
		FAAB37212995279400EED7A4 /* repositories-missingItems.json */ = {isa = PBXFileReference; lastKnownFileType = text.json; path = "repositories-missingItems.json"; sourceTree = "<group>"; };
		FAAB37242995555000EED7A4 /* repositories-missingOwner.json */ = {isa = PBXFileReference; lastKnownFileType = text.json; path = "repositories-missingOwner.json"; sourceTree = "<group>"; };
		FAD698B029944295002425CD /* GitHubViewModelTests.swift */ = {isa = PBXFileReference; lastKnownFileType = sourcecode.swift; path = GitHubViewModelTests.swift; sourceTree = "<group>"; };
/* End PBXFileReference section */

/* Begin PBXFrameworksBuildPhase section */
		FA58ECE2299152AB00B16243 /* Frameworks */ = {
			isa = PBXFrameworksBuildPhase;
			buildActionMask = 2147483647;
			files = (
			);
			runOnlyForDeploymentPostprocessing = 0;
		};
		FA58ECF2299152AD00B16243 /* Frameworks */ = {
			isa = PBXFrameworksBuildPhase;
			buildActionMask = 2147483647;
			files = (
			);
			runOnlyForDeploymentPostprocessing = 0;
		};
		FA58ECFC299152AD00B16243 /* Frameworks */ = {
			isa = PBXFrameworksBuildPhase;
			buildActionMask = 2147483647;
			files = (
			);
			runOnlyForDeploymentPostprocessing = 0;
		};
/* End PBXFrameworksBuildPhase section */

/* Begin PBXGroup section */
		FA36BE02299199EE00AE8D8F /* Views */ = {
			isa = PBXGroup;
			children = (
				FA58ECEA299152AC00B16243 /* ContentView.swift */,
				FA36BE0529919A2B00AE8D8F /* DetailView.swift */,
			);
			path = Views;
			sourceTree = "<group>";
		};
		FA36BE0729925FBA00AE8D8F /* ViewModels */ = {
			isa = PBXGroup;
			children = (
				FA36BE08299260A200AE8D8F /* GitHubViewModel.swift */,
			);
			path = ViewModels;
			sourceTree = "<group>";
		};
		FA36BE0B299260B600AE8D8F /* Helpers */ = {
			isa = PBXGroup;
			children = (
				FA36BE0C299260C600AE8D8F /* Constants.swift */,
				FAAB37152995253000EED7A4 /* ResponseDataPublisher.swift */,
			);
			path = Helpers;
			sourceTree = "<group>";
		};
		FA36BE0F299261AF00AE8D8F /* Models */ = {
			isa = PBXGroup;
			children = (
				FA36BE10299261D600AE8D8F /* GitHubItem.swift */,
				FA36BE1329926BA900AE8D8F /* GitHubOwner.swift */,
				FA36BE1629926D7800AE8D8F /* GitHubSearch.swift */,
			);
			path = Models;
			sourceTree = "<group>";
		};
		FA36BE192992BE2D00AE8D8F /* Resources */ = {
			isa = PBXGroup;
			children = (
				FA58ECEE299152AD00B16243 /* Preview Content */,
				FA58ECEC299152AD00B16243 /* Assets.xcassets */,
				FA36BE1A2992BE5B00AE8D8F /* Config.xcconfig */,
				FA36BE1C2992BEDB00AE8D8F /* Info.plist */,
			);
			path = Resources;
			sourceTree = "<group>";
		};
		FA58ECDC299152AB00B16243 = {
			isa = PBXGroup;
			children = (
				FA58ECE7299152AC00B16243 /* easy repo search */,
				FA58ECF8299152AD00B16243 /* easy repo searchTests */,
				FA58ED02299152AD00B16243 /* easy repo searchUITests */,
				FA58ECE6299152AC00B16243 /* Products */,
			);
			sourceTree = "<group>";
		};
		FA58ECE6299152AC00B16243 /* Products */ = {
			isa = PBXGroup;
			children = (
				FA58ECE5299152AC00B16243 /* easy repo search.app */,
				FA58ECF5299152AD00B16243 /* easy repo searchTests.xctest */,
				FA58ECFF299152AD00B16243 /* easy repo searchUITests.xctest */,
			);
			name = Products;
			sourceTree = "<group>";
		};
		FA58ECE7299152AC00B16243 /* easy repo search */ = {
			isa = PBXGroup;
			children = (
				FAAB3711299521DE00EED7A4 /* Protocols */,
				FA36BE192992BE2D00AE8D8F /* Resources */,
				FA36BE0B299260B600AE8D8F /* Helpers */,
				FA36BE0F299261AF00AE8D8F /* Models */,
				FA36BE0729925FBA00AE8D8F /* ViewModels */,
				FA36BE02299199EE00AE8D8F /* Views */,
				FA58ECE8299152AC00B16243 /* easy_repo_searchApp.swift */,
			);
			path = "easy repo search";
			sourceTree = "<group>";
		};
		FA58ECEE299152AD00B16243 /* Preview Content */ = {
			isa = PBXGroup;
			children = (
				FA58ECEF299152AD00B16243 /* Preview Assets.xcassets */,
			);
			path = "Preview Content";
			sourceTree = "<group>";
		};
		FA58ECF8299152AD00B16243 /* easy repo searchTests */ = {
			isa = PBXGroup;
			children = (
				FAAB371C2995270F00EED7A4 /* Json */,
				FAAB37182995269800EED7A4 /* Mock */,
				FAD698B029944295002425CD /* GitHubViewModelTests.swift */,
			);
			path = "easy repo searchTests";
			sourceTree = "<group>";
		};
		FA58ED02299152AD00B16243 /* easy repo searchUITests */ = {
			isa = PBXGroup;
			children = (
				FA58ED03299152AD00B16243 /* easy_repo_searchUITests.swift */,
				FA58ED05299152AD00B16243 /* easy_repo_searchUITestsLaunchTests.swift */,
			);
			path = "easy repo searchUITests";
			sourceTree = "<group>";
		};
		FAAB3711299521DE00EED7A4 /* Protocols */ = {
			isa = PBXGroup;
			children = (
				FAAB37122995220A00EED7A4 /* ResponseProtocol.swift */,
			);
			path = Protocols;
			sourceTree = "<group>";
		};
		FAAB37182995269800EED7A4 /* Mock */ = {
			isa = PBXGroup;
			children = (
				FAAB3719299526BD00EED7A4 /* ResponseDataPublisherMock.swift */,
			);
			path = Mock;
			sourceTree = "<group>";
		};
		FAAB371C2995270F00EED7A4 /* Json */ = {
			isa = PBXGroup;
			children = (
				FAAB37202995278A00EED7A4 /* repositories-correct.json */,
				FAAB37242995555000EED7A4 /* repositories-missingOwner.json */,
				FAAB37212995279400EED7A4 /* repositories-missingItems.json */,
			);
			path = Json;
			sourceTree = "<group>";
		};
/* End PBXGroup section */

/* Begin PBXNativeTarget section */
		FA58ECE4299152AB00B16243 /* easy repo search */ = {
			isa = PBXNativeTarget;
			buildConfigurationList = FA58ED09299152AD00B16243 /* Build configuration list for PBXNativeTarget "easy repo search" */;
			buildPhases = (
				FA58ECE1299152AB00B16243 /* Sources */,
				FA58ECE2299152AB00B16243 /* Frameworks */,
				FA58ECE3299152AB00B16243 /* Resources */,
			);
			buildRules = (
			);
			dependencies = (
			);
			name = "easy repo search";
			productName = "easy repo search";
			productReference = FA58ECE5299152AC00B16243 /* easy repo search.app */;
			productType = "com.apple.product-type.application";
		};
		FA58ECF4299152AD00B16243 /* easy repo searchTests */ = {
			isa = PBXNativeTarget;
			buildConfigurationList = FA58ED0C299152AD00B16243 /* Build configuration list for PBXNativeTarget "easy repo searchTests" */;
			buildPhases = (
				FA58ECF1299152AD00B16243 /* Sources */,
				FA58ECF2299152AD00B16243 /* Frameworks */,
				FA58ECF3299152AD00B16243 /* Resources */,
			);
			buildRules = (
			);
			dependencies = (
				FA58ECF7299152AD00B16243 /* PBXTargetDependency */,
			);
			name = "easy repo searchTests";
			productName = "easy repo searchTests";
			productReference = FA58ECF5299152AD00B16243 /* easy repo searchTests.xctest */;
			productType = "com.apple.product-type.bundle.unit-test";
		};
		FA58ECFE299152AD00B16243 /* easy repo searchUITests */ = {
			isa = PBXNativeTarget;
			buildConfigurationList = FA58ED0F299152AD00B16243 /* Build configuration list for PBXNativeTarget "easy repo searchUITests" */;
			buildPhases = (
				FA58ECFB299152AD00B16243 /* Sources */,
				FA58ECFC299152AD00B16243 /* Frameworks */,
				FA58ECFD299152AD00B16243 /* Resources */,
			);
			buildRules = (
			);
			dependencies = (
				FA58ED01299152AD00B16243 /* PBXTargetDependency */,
			);
			name = "easy repo searchUITests";
			productName = "easy repo searchUITests";
			productReference = FA58ECFF299152AD00B16243 /* easy repo searchUITests.xctest */;
			productType = "com.apple.product-type.bundle.ui-testing";
		};
/* End PBXNativeTarget section */

/* Begin PBXProject section */
		FA58ECDD299152AB00B16243 /* Project object */ = {
			isa = PBXProject;
			attributes = {
				BuildIndependentTargetsInParallel = 1;
				LastSwiftUpdateCheck = 1420;
				LastUpgradeCheck = 1420;
				TargetAttributes = {
					FA58ECE4299152AB00B16243 = {
						CreatedOnToolsVersion = 14.2;
					};
					FA58ECF4299152AD00B16243 = {
						CreatedOnToolsVersion = 14.2;
						TestTargetID = FA58ECE4299152AB00B16243;
					};
					FA58ECFE299152AD00B16243 = {
						CreatedOnToolsVersion = 14.2;
						TestTargetID = FA58ECE4299152AB00B16243;
					};
				};
			};
			buildConfigurationList = FA58ECE0299152AB00B16243 /* Build configuration list for PBXProject "easy repo search" */;
			compatibilityVersion = "Xcode 14.0";
			developmentRegion = en;
			hasScannedForEncodings = 0;
			knownRegions = (
				en,
				Base,
			);
			mainGroup = FA58ECDC299152AB00B16243;
			productRefGroup = FA58ECE6299152AC00B16243 /* Products */;
			projectDirPath = "";
			projectRoot = "";
			targets = (
				FA58ECE4299152AB00B16243 /* easy repo search */,
				FA58ECF4299152AD00B16243 /* easy repo searchTests */,
				FA58ECFE299152AD00B16243 /* easy repo searchUITests */,
			);
		};
/* End PBXProject section */

/* Begin PBXResourcesBuildPhase section */
		FA58ECE3299152AB00B16243 /* Resources */ = {
			isa = PBXResourcesBuildPhase;
			buildActionMask = 2147483647;
			files = (
				FA58ECF0299152AD00B16243 /* Preview Assets.xcassets in Resources */,
				FA36BE1B2992BE5B00AE8D8F /* Config.xcconfig in Resources */,
				FA58ECED299152AD00B16243 /* Assets.xcassets in Resources */,
			);
			runOnlyForDeploymentPostprocessing = 0;
		};
		FA58ECF3299152AD00B16243 /* Resources */ = {
			isa = PBXResourcesBuildPhase;
			buildActionMask = 2147483647;
			files = (
				FAAB3725299555B100EED7A4 /* repositories-missingOwner.json in Resources */,
				FAAB37222995300B00EED7A4 /* repositories-correct.json in Resources */,
				FAAB37232995300E00EED7A4 /* repositories-missingItems.json in Resources */,
			);
			runOnlyForDeploymentPostprocessing = 0;
		};
		FA58ECFD299152AD00B16243 /* Resources */ = {
			isa = PBXResourcesBuildPhase;
			buildActionMask = 2147483647;
			files = (
			);
			runOnlyForDeploymentPostprocessing = 0;
		};
/* End PBXResourcesBuildPhase section */

/* Begin PBXSourcesBuildPhase section */
		FA58ECE1299152AB00B16243 /* Sources */ = {
			isa = PBXSourcesBuildPhase;
			buildActionMask = 2147483647;
			files = (
				FAAB37162995253000EED7A4 /* ResponseDataPublisher.swift in Sources */,
				FA36BE0D299260C600AE8D8F /* Constants.swift in Sources */,
				FA58ECEB299152AC00B16243 /* ContentView.swift in Sources */,
				FA36BE1829926D7800AE8D8F /* GitHubSearch.swift in Sources */,
				FA36BE0629919A2B00AE8D8F /* DetailView.swift in Sources */,
				FA36BE09299260A200AE8D8F /* GitHubViewModel.swift in Sources */,
				FAAB37132995220A00EED7A4 /* ResponseProtocol.swift in Sources */,
				FA58ECE9299152AC00B16243 /* easy_repo_searchApp.swift in Sources */,
				FA36BE1529926BA900AE8D8F /* GitHubOwner.swift in Sources */,
				FA36BE11299261D600AE8D8F /* GitHubItem.swift in Sources */,
			);
			runOnlyForDeploymentPostprocessing = 0;
		};
		FA58ECF1299152AD00B16243 /* Sources */ = {
			isa = PBXSourcesBuildPhase;
			buildActionMask = 2147483647;
			files = (
				FAAB37142995220A00EED7A4 /* ResponseProtocol.swift in Sources */,
				FA36BE0A299260A200AE8D8F /* GitHubViewModel.swift in Sources */,
				FA36BE12299261D600AE8D8F /* GitHubItem.swift in Sources */,
				FA36BE1729926D7800AE8D8F /* GitHubSearch.swift in Sources */,
				FA58ECFA299152AD00B16243 /* easy_repo_searchTests.swift in Sources */,
				FA36BE0E299260C600AE8D8F /* Constants.swift in Sources */,
				FA36BE1429926BA900AE8D8F /* GitHubOwner.swift in Sources */,
				FAAB37172995253000EED7A4 /* ResponseDataPublisher.swift in Sources */,
				FAAB371B299526BD00EED7A4 /* ResponseDataPublisherMock.swift in Sources */,
				FAD698B129944295002425CD /* GitHubViewModelTests.swift in Sources */,
			);
			runOnlyForDeploymentPostprocessing = 0;
		};
		FA58ECFB299152AD00B16243 /* Sources */ = {
			isa = PBXSourcesBuildPhase;
			buildActionMask = 2147483647;
			files = (
				FA58ED06299152AD00B16243 /* easy_repo_searchUITestsLaunchTests.swift in Sources */,
				FA58ED04299152AD00B16243 /* easy_repo_searchUITests.swift in Sources */,
			);
			runOnlyForDeploymentPostprocessing = 0;
		};
/* End PBXSourcesBuildPhase section */

/* Begin PBXTargetDependency section */
		FA58ECF7299152AD00B16243 /* PBXTargetDependency */ = {
			isa = PBXTargetDependency;
			target = FA58ECE4299152AB00B16243 /* easy repo search */;
			targetProxy = FA58ECF6299152AD00B16243 /* PBXContainerItemProxy */;
		};
		FA58ED01299152AD00B16243 /* PBXTargetDependency */ = {
			isa = PBXTargetDependency;
			target = FA58ECE4299152AB00B16243 /* easy repo search */;
			targetProxy = FA58ED00299152AD00B16243 /* PBXContainerItemProxy */;
		};
/* End PBXTargetDependency section */

/* Begin XCBuildConfiguration section */
		FA58ED07299152AD00B16243 /* Debug */ = {
			isa = XCBuildConfiguration;
			baseConfigurationReference = FA36BE1A2992BE5B00AE8D8F /* Config.xcconfig */;
			buildSettings = {
				ALWAYS_SEARCH_USER_PATHS = NO;
				CLANG_ANALYZER_NONNULL = YES;
				CLANG_ANALYZER_NUMBER_OBJECT_CONVERSION = YES_AGGRESSIVE;
				CLANG_CXX_LANGUAGE_STANDARD = "gnu++20";
				CLANG_ENABLE_MODULES = YES;
				CLANG_ENABLE_OBJC_ARC = YES;
				CLANG_ENABLE_OBJC_WEAK = YES;
				CLANG_WARN_BLOCK_CAPTURE_AUTORELEASING = YES;
				CLANG_WARN_BOOL_CONVERSION = YES;
				CLANG_WARN_COMMA = YES;
				CLANG_WARN_CONSTANT_CONVERSION = YES;
				CLANG_WARN_DEPRECATED_OBJC_IMPLEMENTATIONS = YES;
				CLANG_WARN_DIRECT_OBJC_ISA_USAGE = YES_ERROR;
				CLANG_WARN_DOCUMENTATION_COMMENTS = YES;
				CLANG_WARN_EMPTY_BODY = YES;
				CLANG_WARN_ENUM_CONVERSION = YES;
				CLANG_WARN_INFINITE_RECURSION = YES;
				CLANG_WARN_INT_CONVERSION = YES;
				CLANG_WARN_NON_LITERAL_NULL_CONVERSION = YES;
				CLANG_WARN_OBJC_IMPLICIT_RETAIN_SELF = YES;
				CLANG_WARN_OBJC_LITERAL_CONVERSION = YES;
				CLANG_WARN_OBJC_ROOT_CLASS = YES_ERROR;
				CLANG_WARN_QUOTED_INCLUDE_IN_FRAMEWORK_HEADER = YES;
				CLANG_WARN_RANGE_LOOP_ANALYSIS = YES;
				CLANG_WARN_STRICT_PROTOTYPES = YES;
				CLANG_WARN_SUSPICIOUS_MOVE = YES;
				CLANG_WARN_UNGUARDED_AVAILABILITY = YES_AGGRESSIVE;
				CLANG_WARN_UNREACHABLE_CODE = YES;
				CLANG_WARN__DUPLICATE_METHOD_MATCH = YES;
				COPY_PHASE_STRIP = NO;
				DEBUG_INFORMATION_FORMAT = dwarf;
				ENABLE_STRICT_OBJC_MSGSEND = YES;
				ENABLE_TESTABILITY = YES;
				GCC_C_LANGUAGE_STANDARD = gnu11;
				GCC_DYNAMIC_NO_PIC = NO;
				GCC_NO_COMMON_BLOCKS = YES;
				GCC_OPTIMIZATION_LEVEL = 0;
				GCC_PREPROCESSOR_DEFINITIONS = (
					"DEBUG=1",
					"$(inherited)",
				);
				GCC_WARN_64_TO_32_BIT_CONVERSION = YES;
				GCC_WARN_ABOUT_RETURN_TYPE = YES_ERROR;
				GCC_WARN_UNDECLARED_SELECTOR = YES;
				GCC_WARN_UNINITIALIZED_AUTOS = YES_AGGRESSIVE;
				GCC_WARN_UNUSED_FUNCTION = YES;
				GCC_WARN_UNUSED_VARIABLE = YES;
				INFOPLIST_FILE = "easy repo search/Resources/Info.plist";
				IPHONEOS_DEPLOYMENT_TARGET = 15.0;
				MTL_ENABLE_DEBUG_INFO = INCLUDE_SOURCE;
				MTL_FAST_MATH = YES;
				ONLY_ACTIVE_ARCH = YES;
				SDKROOT = iphoneos;
				SWIFT_ACTIVE_COMPILATION_CONDITIONS = DEBUG;
				SWIFT_OPTIMIZATION_LEVEL = "-Onone";
			};
			name = Debug;
		};
		FA58ED08299152AD00B16243 /* Release */ = {
			isa = XCBuildConfiguration;
			baseConfigurationReference = FA36BE1A2992BE5B00AE8D8F /* Config.xcconfig */;
			buildSettings = {
				ALWAYS_SEARCH_USER_PATHS = NO;
				CLANG_ANALYZER_NONNULL = YES;
				CLANG_ANALYZER_NUMBER_OBJECT_CONVERSION = YES_AGGRESSIVE;
				CLANG_CXX_LANGUAGE_STANDARD = "gnu++20";
				CLANG_ENABLE_MODULES = YES;
				CLANG_ENABLE_OBJC_ARC = YES;
				CLANG_ENABLE_OBJC_WEAK = YES;
				CLANG_WARN_BLOCK_CAPTURE_AUTORELEASING = YES;
				CLANG_WARN_BOOL_CONVERSION = YES;
				CLANG_WARN_COMMA = YES;
				CLANG_WARN_CONSTANT_CONVERSION = YES;
				CLANG_WARN_DEPRECATED_OBJC_IMPLEMENTATIONS = YES;
				CLANG_WARN_DIRECT_OBJC_ISA_USAGE = YES_ERROR;
				CLANG_WARN_DOCUMENTATION_COMMENTS = YES;
				CLANG_WARN_EMPTY_BODY = YES;
				CLANG_WARN_ENUM_CONVERSION = YES;
				CLANG_WARN_INFINITE_RECURSION = YES;
				CLANG_WARN_INT_CONVERSION = YES;
				CLANG_WARN_NON_LITERAL_NULL_CONVERSION = YES;
				CLANG_WARN_OBJC_IMPLICIT_RETAIN_SELF = YES;
				CLANG_WARN_OBJC_LITERAL_CONVERSION = YES;
				CLANG_WARN_OBJC_ROOT_CLASS = YES_ERROR;
				CLANG_WARN_QUOTED_INCLUDE_IN_FRAMEWORK_HEADER = YES;
				CLANG_WARN_RANGE_LOOP_ANALYSIS = YES;
				CLANG_WARN_STRICT_PROTOTYPES = YES;
				CLANG_WARN_SUSPICIOUS_MOVE = YES;
				CLANG_WARN_UNGUARDED_AVAILABILITY = YES_AGGRESSIVE;
				CLANG_WARN_UNREACHABLE_CODE = YES;
				CLANG_WARN__DUPLICATE_METHOD_MATCH = YES;
				COPY_PHASE_STRIP = NO;
				DEBUG_INFORMATION_FORMAT = "dwarf-with-dsym";
				ENABLE_NS_ASSERTIONS = NO;
				ENABLE_STRICT_OBJC_MSGSEND = YES;
				GCC_C_LANGUAGE_STANDARD = gnu11;
				GCC_NO_COMMON_BLOCKS = YES;
				GCC_WARN_64_TO_32_BIT_CONVERSION = YES;
				GCC_WARN_ABOUT_RETURN_TYPE = YES_ERROR;
				GCC_WARN_UNDECLARED_SELECTOR = YES;
				GCC_WARN_UNINITIALIZED_AUTOS = YES_AGGRESSIVE;
				GCC_WARN_UNUSED_FUNCTION = YES;
				GCC_WARN_UNUSED_VARIABLE = YES;
				INFOPLIST_FILE = "easy repo search/Resources/Info.plist";
				IPHONEOS_DEPLOYMENT_TARGET = 15.0;
				MTL_ENABLE_DEBUG_INFO = NO;
				MTL_FAST_MATH = YES;
				SDKROOT = iphoneos;
				SWIFT_COMPILATION_MODE = wholemodule;
				SWIFT_OPTIMIZATION_LEVEL = "-O";
				VALIDATE_PRODUCT = YES;
			};
			name = Release;
		};
		FA58ED0A299152AD00B16243 /* Debug */ = {
			isa = XCBuildConfiguration;
			buildSettings = {
				ASSETCATALOG_COMPILER_APPICON_NAME = AppIcon;
				ASSETCATALOG_COMPILER_GLOBAL_ACCENT_COLOR_NAME = AccentColor;
				CODE_SIGN_STYLE = Automatic;
				CURRENT_PROJECT_VERSION = 1;
				DEVELOPMENT_ASSET_PATHS = "\"easy repo search/Resources/Preview Content\"";
				DEVELOPMENT_TEAM = 78MVSN97AE;
				ENABLE_PREVIEWS = YES;
				GENERATE_INFOPLIST_FILE = YES;
				INFOPLIST_KEY_UIApplicationSceneManifest_Generation = YES;
				INFOPLIST_KEY_UIApplicationSupportsIndirectInputEvents = YES;
				INFOPLIST_KEY_UILaunchScreen_Generation = YES;
				INFOPLIST_KEY_UISupportedInterfaceOrientations_iPad = "UIInterfaceOrientationPortrait UIInterfaceOrientationPortraitUpsideDown UIInterfaceOrientationLandscapeLeft UIInterfaceOrientationLandscapeRight";
				INFOPLIST_KEY_UISupportedInterfaceOrientations_iPhone = "UIInterfaceOrientationPortrait UIInterfaceOrientationLandscapeLeft UIInterfaceOrientationLandscapeRight";
				IPHONEOS_DEPLOYMENT_TARGET = 16.0;
				LD_RUNPATH_SEARCH_PATHS = (
					"$(inherited)",
					"@executable_path/Frameworks",
				);
				MARKETING_VERSION = 1.0;
				PRODUCT_BUNDLE_IDENTIFIER = "nl.hanswage.easy-repo-search";
				PRODUCT_NAME = "$(TARGET_NAME)";
				SWIFT_EMIT_LOC_STRINGS = YES;
				SWIFT_VERSION = 5.0;
				TARGETED_DEVICE_FAMILY = "1,2";
			};
			name = Debug;
		};
		FA58ED0B299152AD00B16243 /* Release */ = {
			isa = XCBuildConfiguration;
			buildSettings = {
				ASSETCATALOG_COMPILER_APPICON_NAME = AppIcon;
				ASSETCATALOG_COMPILER_GLOBAL_ACCENT_COLOR_NAME = AccentColor;
				CODE_SIGN_STYLE = Automatic;
				CURRENT_PROJECT_VERSION = 1;
				DEVELOPMENT_ASSET_PATHS = "\"easy repo search/Resources/Preview Content\"";
				DEVELOPMENT_TEAM = 78MVSN97AE;
				ENABLE_PREVIEWS = YES;
				GENERATE_INFOPLIST_FILE = YES;
				INFOPLIST_KEY_UIApplicationSceneManifest_Generation = YES;
				INFOPLIST_KEY_UIApplicationSupportsIndirectInputEvents = YES;
				INFOPLIST_KEY_UILaunchScreen_Generation = YES;
				INFOPLIST_KEY_UISupportedInterfaceOrientations_iPad = "UIInterfaceOrientationPortrait UIInterfaceOrientationPortraitUpsideDown UIInterfaceOrientationLandscapeLeft UIInterfaceOrientationLandscapeRight";
				INFOPLIST_KEY_UISupportedInterfaceOrientations_iPhone = "UIInterfaceOrientationPortrait UIInterfaceOrientationLandscapeLeft UIInterfaceOrientationLandscapeRight";
				IPHONEOS_DEPLOYMENT_TARGET = 16.0;
				LD_RUNPATH_SEARCH_PATHS = (
					"$(inherited)",
					"@executable_path/Frameworks",
				);
				MARKETING_VERSION = 1.0;
				PRODUCT_BUNDLE_IDENTIFIER = "nl.hanswage.easy-repo-search";
				PRODUCT_NAME = "$(TARGET_NAME)";
				SWIFT_EMIT_LOC_STRINGS = YES;
				SWIFT_VERSION = 5.0;
				TARGETED_DEVICE_FAMILY = "1,2";
			};
			name = Release;
		};
		FA58ED0D299152AD00B16243 /* Debug */ = {
			isa = XCBuildConfiguration;
			buildSettings = {
				ALWAYS_EMBED_SWIFT_STANDARD_LIBRARIES = YES;
				BUNDLE_LOADER = "$(TEST_HOST)";
				CODE_SIGN_STYLE = Automatic;
				CURRENT_PROJECT_VERSION = 1;
				DEVELOPMENT_TEAM = 78MVSN97AE;
				GENERATE_INFOPLIST_FILE = YES;
				IPHONEOS_DEPLOYMENT_TARGET = 16.2;
				MARKETING_VERSION = 1.0;
				PRODUCT_BUNDLE_IDENTIFIER = "nl.hanswage.easy-repo-searchTests";
				PRODUCT_NAME = "$(TARGET_NAME)";
				SWIFT_EMIT_LOC_STRINGS = NO;
				SWIFT_VERSION = 5.0;
				TARGETED_DEVICE_FAMILY = "1,2";
				TEST_HOST = "$(BUILT_PRODUCTS_DIR)/easy repo search.app/$(BUNDLE_EXECUTABLE_FOLDER_PATH)/easy repo search";
			};
			name = Debug;
		};
		FA58ED0E299152AD00B16243 /* Release */ = {
			isa = XCBuildConfiguration;
			buildSettings = {
				ALWAYS_EMBED_SWIFT_STANDARD_LIBRARIES = YES;
				BUNDLE_LOADER = "$(TEST_HOST)";
				CODE_SIGN_STYLE = Automatic;
				CURRENT_PROJECT_VERSION = 1;
				DEVELOPMENT_TEAM = 78MVSN97AE;
				GENERATE_INFOPLIST_FILE = YES;
				IPHONEOS_DEPLOYMENT_TARGET = 16.2;
				MARKETING_VERSION = 1.0;
				PRODUCT_BUNDLE_IDENTIFIER = "nl.hanswage.easy-repo-searchTests";
				PRODUCT_NAME = "$(TARGET_NAME)";
				SWIFT_EMIT_LOC_STRINGS = NO;
				SWIFT_VERSION = 5.0;
				TARGETED_DEVICE_FAMILY = "1,2";
				TEST_HOST = "$(BUILT_PRODUCTS_DIR)/easy repo search.app/$(BUNDLE_EXECUTABLE_FOLDER_PATH)/easy repo search";
			};
			name = Release;
		};
		FA58ED10299152AD00B16243 /* Debug */ = {
			isa = XCBuildConfiguration;
			buildSettings = {
				ALWAYS_EMBED_SWIFT_STANDARD_LIBRARIES = YES;
				CODE_SIGN_STYLE = Automatic;
				CURRENT_PROJECT_VERSION = 1;
				DEVELOPMENT_TEAM = 78MVSN97AE;
				GENERATE_INFOPLIST_FILE = YES;
				MARKETING_VERSION = 1.0;
				PRODUCT_BUNDLE_IDENTIFIER = "nl.hanswage.easy-repo-searchUITests";
				PRODUCT_NAME = "$(TARGET_NAME)";
				SWIFT_EMIT_LOC_STRINGS = NO;
				SWIFT_VERSION = 5.0;
				TARGETED_DEVICE_FAMILY = "1,2";
				TEST_TARGET_NAME = "easy repo search";
			};
			name = Debug;
		};
		FA58ED11299152AD00B16243 /* Release */ = {
			isa = XCBuildConfiguration;
			buildSettings = {
				ALWAYS_EMBED_SWIFT_STANDARD_LIBRARIES = YES;
				CODE_SIGN_STYLE = Automatic;
				CURRENT_PROJECT_VERSION = 1;
				DEVELOPMENT_TEAM = 78MVSN97AE;
				GENERATE_INFOPLIST_FILE = YES;
				MARKETING_VERSION = 1.0;
				PRODUCT_BUNDLE_IDENTIFIER = "nl.hanswage.easy-repo-searchUITests";
				PRODUCT_NAME = "$(TARGET_NAME)";
				SWIFT_EMIT_LOC_STRINGS = NO;
				SWIFT_VERSION = 5.0;
				TARGETED_DEVICE_FAMILY = "1,2";
				TEST_TARGET_NAME = "easy repo search";
			};
			name = Release;
		};
/* End XCBuildConfiguration section */

/* Begin XCConfigurationList section */
		FA58ECE0299152AB00B16243 /* Build configuration list for PBXProject "easy repo search" */ = {
			isa = XCConfigurationList;
			buildConfigurations = (
				FA58ED07299152AD00B16243 /* Debug */,
				FA58ED08299152AD00B16243 /* Release */,
			);
			defaultConfigurationIsVisible = 0;
			defaultConfigurationName = Release;
		};
		FA58ED09299152AD00B16243 /* Build configuration list for PBXNativeTarget "easy repo search" */ = {
			isa = XCConfigurationList;
			buildConfigurations = (
				FA58ED0A299152AD00B16243 /* Debug */,
				FA58ED0B299152AD00B16243 /* Release */,
			);
			defaultConfigurationIsVisible = 0;
			defaultConfigurationName = Release;
		};
		FA58ED0C299152AD00B16243 /* Build configuration list for PBXNativeTarget "easy repo searchTests" */ = {
			isa = XCConfigurationList;
			buildConfigurations = (
				FA58ED0D299152AD00B16243 /* Debug */,
				FA58ED0E299152AD00B16243 /* Release */,
			);
			defaultConfigurationIsVisible = 0;
			defaultConfigurationName = Release;
		};
		FA58ED0F299152AD00B16243 /* Build configuration list for PBXNativeTarget "easy repo searchUITests" */ = {
			isa = XCConfigurationList;
			buildConfigurations = (
				FA58ED10299152AD00B16243 /* Debug */,
				FA58ED11299152AD00B16243 /* Release */,
			);
			defaultConfigurationIsVisible = 0;
			defaultConfigurationName = Release;
		};
/* End XCConfigurationList section */
	};
	rootObject = FA58ECDD299152AB00B16243 /* Project object */;
}
